gitee.com/ivfzhou/goroutine-util v1.0.5 h1:wOX6+jJp3VybFNLOMqcuNvf0uY/EvtUBRaOi109SnmY=
gitee.com/ivfzhou/goroutine-util v1.0.5/go.mod h1:vhBG1efhUgcwcweNr1W+YOiGyWFWotWqyKta5+b+5co=
gitee.com/ivfzhou/io-util v1.2.2 h1:9GIDCO5VAKLpD5sTGF1qPtYbDEVlBIsENRvwWJnUZa0=
gitee.com/ivfzhou/io-util v1.2.2/go.mod h1:881aXAw9TsfGyTpuG7sIyZ8SzOmLjhwrsG1KBCb8/LQ=
